// !$*UTF8*$!
{
	archiveVersion = 1;
	classes = {
	};
	objectVersion = 56;
	objects = {

/* Begin PBXBuildFile section */
		E39208F82BCBB1860040492A /* AppDelegate.swift in Sources */ = {isa = PBXBuildFile; fileRef = E39208F72BCBB1860040492A /* AppDelegate.swift */; };
		E39208FA2BCBB1860040492A /* SceneDelegate.swift in Sources */ = {isa = PBXBuildFile; fileRef = E39208F92BCBB1860040492A /* SceneDelegate.swift */; };
		E39208FC2BCBB1860040492A /* ViewController.swift in Sources */ = {isa = PBXBuildFile; fileRef = E39208FB2BCBB1860040492A /* ViewController.swift */; };
		E39209012BCBB1870040492A /* Assets.xcassets in Resources */ = {isa = PBXBuildFile; fileRef = E39209002BCBB1870040492A /* Assets.xcassets */; };
		E39209042BCBB1870040492A /* LaunchScreen.storyboard in Resources */ = {isa = PBXBuildFile; fileRef = E39209022BCBB1870040492A /* LaunchScreen.storyboard */; };
		E392090F2BCBB1870040492A /* Week3Tests.swift in Sources */ = {isa = PBXBuildFile; fileRef = E392090E2BCBB1870040492A /* Week3Tests.swift */; };
		E39209192BCBB1870040492A /* Week3UITests.swift in Sources */ = {isa = PBXBuildFile; fileRef = E39209182BCBB1870040492A /* Week3UITests.swift */; };
		E392091B2BCBB1870040492A /* Week3UITestsLaunchTests.swift in Sources */ = {isa = PBXBuildFile; fileRef = E392091A2BCBB1870040492A /* Week3UITestsLaunchTests.swift */; };
/* End PBXBuildFile section */

/* Begin PBXContainerItemProxy section */
		E392090B2BCBB1870040492A /* PBXContainerItemProxy */ = {
			isa = PBXContainerItemProxy;
			containerPortal = E39208EC2BCBB1860040492A /* Project object */;
			proxyType = 1;
			remoteGlobalIDString = E39208F32BCBB1860040492A;
			remoteInfo = Week3;
		};
		E39209152BCBB1870040492A /* PBXContainerItemProxy */ = {
			isa = PBXContainerItemProxy;
			containerPortal = E39208EC2BCBB1860040492A /* Project object */;
			proxyType = 1;
			remoteGlobalIDString = E39208F32BCBB1860040492A;
			remoteInfo = Week3;
		};
/* End PBXContainerItemProxy section */

/* Begin PBXFileReference section */
		E39208F42BCBB1860040492A /* Week3.app */ = {isa = PBXFileReference; explicitFileType = wrapper.application; includeInIndex = 0; path = Week3.app; sourceTree = BUILT_PRODUCTS_DIR; };
		E39208F72BCBB1860040492A /* AppDelegate.swift */ = {isa = PBXFileReference; lastKnownFileType = sourcecode.swift; path = AppDelegate.swift; sourceTree = "<group>"; };
		E39208F92BCBB1860040492A /* SceneDelegate.swift */ = {isa = PBXFileReference; lastKnownFileType = sourcecode.swift; path = SceneDelegate.swift; sourceTree = "<group>"; };
		E39208FB2BCBB1860040492A /* ViewController.swift */ = {isa = PBXFileReference; lastKnownFileType = sourcecode.swift; path = ViewController.swift; sourceTree = "<group>"; };
		E39209002BCBB1870040492A /* Assets.xcassets */ = {isa = PBXFileReference; lastKnownFileType = folder.assetcatalog; path = Assets.xcassets; sourceTree = "<group>"; };
		E39209032BCBB1870040492A /* Base */ = {isa = PBXFileReference; lastKnownFileType = file.storyboard; name = Base; path = Base.lproj/LaunchScreen.storyboard; sourceTree = "<group>"; };
		E39209052BCBB1870040492A /* Info.plist */ = {isa = PBXFileReference; lastKnownFileType = text.plist.xml; path = Info.plist; sourceTree = "<group>"; };
		E392090A2BCBB1870040492A /* Week3Tests.xctest */ = {isa = PBXFileReference; explicitFileType = wrapper.cfbundle; includeInIndex = 0; path = Week3Tests.xctest; sourceTree = BUILT_PRODUCTS_DIR; };
		E392090E2BCBB1870040492A /* Week3Tests.swift */ = {isa = PBXFileReference; lastKnownFileType = sourcecode.swift; path = Week3Tests.swift; sourceTree = "<group>"; };
		E39209142BCBB1870040492A /* Week3UITests.xctest */ = {isa = PBXFileReference; explicitFileType = wrapper.cfbundle; includeInIndex = 0; path = Week3UITests.xctest; sourceTree = BUILT_PRODUCTS_DIR; };
		E39209182BCBB1870040492A /* Week3UITests.swift */ = {isa = PBXFileReference; lastKnownFileType = sourcecode.swift; path = Week3UITests.swift; sourceTree = "<group>"; };
		E392091A2BCBB1870040492A /* Week3UITestsLaunchTests.swift */ = {isa = PBXFileReference; lastKnownFileType = sourcecode.swift; path = Week3UITestsLaunchTests.swift; sourceTree = "<group>"; };
/* End PBXFileReference section */

/* Begin PBXFrameworksBuildPhase section */
		E39208F12BCBB1860040492A /* Frameworks */ = {
			isa = PBXFrameworksBuildPhase;
			buildActionMask = 2147483647;
			files = (
			);
			runOnlyForDeploymentPostprocessing = 0;
		};
		E39209072BCBB1870040492A /* Frameworks */ = {
			isa = PBXFrameworksBuildPhase;
			buildActionMask = 2147483647;
			files = (
			);
			runOnlyForDeploymentPostprocessing = 0;
		};
		E39209112BCBB1870040492A /* Frameworks */ = {
			isa = PBXFrameworksBuildPhase;
			buildActionMask = 2147483647;
			files = (
			);
			runOnlyForDeploymentPostprocessing = 0;
		};
/* End PBXFrameworksBuildPhase section */

/* Begin PBXGroup section */
		E39208EB2BCBB1860040492A = {
			isa = PBXGroup;
			children = (
				E39208F62BCBB1860040492A /* Week3 */,
				E392090D2BCBB1870040492A /* Week3Tests */,
				E39209172BCBB1870040492A /* Week3UITests */,
				E39208F52BCBB1860040492A /* Products */,
			);
			sourceTree = "<group>";
		};
		E39208F52BCBB1860040492A /* Products */ = {
			isa = PBXGroup;
			children = (
				E39208F42BCBB1860040492A /* Week3.app */,
				E392090A2BCBB1870040492A /* Week3Tests.xctest */,
				E39209142BCBB1870040492A /* Week3UITests.xctest */,
			);
			name = Products;
			sourceTree = "<group>";
		};
		E39208F62BCBB1860040492A /* Week3 */ = {
			isa = PBXGroup;
			children = (
				E39208F72BCBB1860040492A /* AppDelegate.swift */,
				E39208F92BCBB1860040492A /* SceneDelegate.swift */,
				E39208FB2BCBB1860040492A /* ViewController.swift */,
				E39209002BCBB1870040492A /* Assets.xcassets */,
				E39209022BCBB1870040492A /* LaunchScreen.storyboard */,
				E39209052BCBB1870040492A /* Info.plist */,
			);
			path = Week3;
			sourceTree = "<group>";
		};
		E392090D2BCBB1870040492A /* Week3Tests */ = {
			isa = PBXGroup;
			children = (
				E392090E2BCBB1870040492A /* Week3Tests.swift */,
			);
			path = Week3Tests;
			sourceTree = "<group>";
		};
		E39209172BCBB1870040492A /* Week3UITests */ = {
			isa = PBXGroup;
			children = (
				E39209182BCBB1870040492A /* Week3UITests.swift */,
				E392091A2BCBB1870040492A /* Week3UITestsLaunchTests.swift */,
			);
			path = Week3UITests;
			sourceTree = "<group>";
		};
/* End PBXGroup section */

/* Begin PBXNativeTarget section */
		E39208F32BCBB1860040492A /* Week3 */ = {
			isa = PBXNativeTarget;
			buildConfigurationList = E392091E2BCBB1870040492A /* Build configuration list for PBXNativeTarget "Week3" */;
			buildPhases = (
				E39208F02BCBB1860040492A /* Sources */,
				E39208F12BCBB1860040492A /* Frameworks */,
				E39208F22BCBB1860040492A /* Resources */,
			);
			buildRules = (
			);
			dependencies = (
			);
			name = Week3;
			productName = Week3;
			productReference = E39208F42BCBB1860040492A /* Week3.app */;
			productType = "com.apple.product-type.application";
		};
		E39209092BCBB1870040492A /* Week3Tests */ = {
			isa = PBXNativeTarget;
			buildConfigurationList = E39209212BCBB1870040492A /* Build configuration list for PBXNativeTarget "Week3Tests" */;
			buildPhases = (
				E39209062BCBB1870040492A /* Sources */,
				E39209072BCBB1870040492A /* Frameworks */,
				E39209082BCBB1870040492A /* Resources */,
			);
			buildRules = (
			);
			dependencies = (
				E392090C2BCBB1870040492A /* PBXTargetDependency */,
			);
			name = Week3Tests;
			productName = Week3Tests;
			productReference = E392090A2BCBB1870040492A /* Week3Tests.xctest */;
			productType = "com.apple.product-type.bundle.unit-test";
		};
		E39209132BCBB1870040492A /* Week3UITests */ = {
			isa = PBXNativeTarget;
			buildConfigurationList = E39209242BCBB1870040492A /* Build configuration list for PBXNativeTarget "Week3UITests" */;
			buildPhases = (
				E39209102BCBB1870040492A /* Sources */,
				E39209112BCBB1870040492A /* Frameworks */,
				E39209122BCBB1870040492A /* Resources */,
			);
			buildRules = (
			);
			dependencies = (
				E39209162BCBB1870040492A /* PBXTargetDependency */,
			);
			name = Week3UITests;
			productName = Week3UITests;
			productReference = E39209142BCBB1870040492A /* Week3UITests.xctest */;
			productType = "com.apple.product-type.bundle.ui-testing";
		};
/* End PBXNativeTarget section */

/* Begin PBXProject section */
		E39208EC2BCBB1860040492A /* Project object */ = {
			isa = PBXProject;
			attributes = {
				BuildIndependentTargetsInParallel = 1;
				LastSwiftUpdateCheck = 1520;
				LastUpgradeCheck = 1520;
				TargetAttributes = {
					E39208F32BCBB1860040492A = {
						CreatedOnToolsVersion = 15.2;
					};
					E39209092BCBB1870040492A = {
						CreatedOnToolsVersion = 15.2;
						TestTargetID = E39208F32BCBB1860040492A;
					};
					E39209132BCBB1870040492A = {
						CreatedOnToolsVersion = 15.2;
						TestTargetID = E39208F32BCBB1860040492A;
					};
				};
			};
			buildConfigurationList = E39208EF2BCBB1860040492A /* Build configuration list for PBXProject "Week3" */;
			compatibilityVersion = "Xcode 14.0";
			developmentRegion = en;
			hasScannedForEncodings = 0;
			knownRegions = (
				en,
				Base,
			);
			mainGroup = E39208EB2BCBB1860040492A;
			productRefGroup = E39208F52BCBB1860040492A /* Products */;
			projectDirPath = "";
			projectRoot = "";
			targets = (
				E39208F32BCBB1860040492A /* Week3 */,
				E39209092BCBB1870040492A /* Week3Tests */,
				E39209132BCBB1870040492A /* Week3UITests */,
			);
		};
/* End PBXProject section */

/* Begin PBXResourcesBuildPhase section */
		E39208F22BCBB1860040492A /* Resources */ = {
			isa = PBXResourcesBuildPhase;
			buildActionMask = 2147483647;
			files = (
				E39209042BCBB1870040492A /* LaunchScreen.storyboard in Resources */,
				E39209012BCBB1870040492A /* Assets.xcassets in Resources */,
			);
			runOnlyForDeploymentPostprocessing = 0;
		};
		E39209082BCBB1870040492A /* Resources */ = {
			isa = PBXResourcesBuildPhase;
			buildActionMask = 2147483647;
			files = (
			);
			runOnlyForDeploymentPostprocessing = 0;
		};
		E39209122BCBB1870040492A /* Resources */ = {
			isa = PBXResourcesBuildPhase;
			buildActionMask = 2147483647;
			files = (
			);
			runOnlyForDeploymentPostprocessing = 0;
		};
/* End PBXResourcesBuildPhase section */

/* Begin PBXSourcesBuildPhase section */
		E39208F02BCBB1860040492A /* Sources */ = {
			isa = PBXSourcesBuildPhase;
			buildActionMask = 2147483647;
			files = (
				E39208FC2BCBB1860040492A /* ViewController.swift in Sources */,
				E39208F82BCBB1860040492A /* AppDelegate.swift in Sources */,
				E39208FA2BCBB1860040492A /* SceneDelegate.swift in Sources */,
			);
			runOnlyForDeploymentPostprocessing = 0;
		};
		E39209062BCBB1870040492A /* Sources */ = {
			isa = PBXSourcesBuildPhase;
			buildActionMask = 2147483647;
			files = (
				E392090F2BCBB1870040492A /* Week3Tests.swift in Sources */,
			);
			runOnlyForDeploymentPostprocessing = 0;
		};
		E39209102BCBB1870040492A /* Sources */ = {
			isa = PBXSourcesBuildPhase;
			buildActionMask = 2147483647;
			files = (
				E392091B2BCBB1870040492A /* Week3UITestsLaunchTests.swift in Sources */,
				E39209192BCBB1870040492A /* Week3UITests.swift in Sources */,
			);
			runOnlyForDeploymentPostprocessing = 0;
		};
/* End PBXSourcesBuildPhase section */

/* Begin PBXTargetDependency section */
		E392090C2BCBB1870040492A /* PBXTargetDependency */ = {
			isa = PBXTargetDependency;
			target = E39208F32BCBB1860040492A /* Week3 */;
			targetProxy = E392090B2BCBB1870040492A /* PBXContainerItemProxy */;
		};
		E39209162BCBB1870040492A /* PBXTargetDependency */ = {
			isa = PBXTargetDependency;
			target = E39208F32BCBB1860040492A /* Week3 */;
			targetProxy = E39209152BCBB1870040492A /* PBXContainerItemProxy */;
		};
/* End PBXTargetDependency section */

/* Begin PBXVariantGroup section */
		E39209022BCBB1870040492A /* LaunchScreen.storyboard */ = {
			isa = PBXVariantGroup;
			children = (
				E39209032BCBB1870040492A /* Base */,
			);
			name = LaunchScreen.storyboard;
			sourceTree = "<group>";
		};
/* End PBXVariantGroup section */

/* Begin XCBuildConfiguration section */
		E392091C2BCBB1870040492A /* Debug */ = {
			isa = XCBuildConfiguration;
			buildSettings = {
				ALWAYS_SEARCH_USER_PATHS = NO;
				ASSETCATALOG_COMPILER_GENERATE_SWIFT_ASSET_SYMBOL_EXTENSIONS = YES;
				CLANG_ANALYZER_NONNULL = YES;
				CLANG_ANALYZER_NUMBER_OBJECT_CONVERSION = YES_AGGRESSIVE;
				CLANG_CXX_LANGUAGE_STANDARD = "gnu++20";
				CLANG_ENABLE_MODULES = YES;
				CLANG_ENABLE_OBJC_ARC = YES;
				CLANG_ENABLE_OBJC_WEAK = YES;
				CLANG_WARN_BLOCK_CAPTURE_AUTORELEASING = YES;
				CLANG_WARN_BOOL_CONVERSION = YES;
				CLANG_WARN_COMMA = YES;
				CLANG_WARN_CONSTANT_CONVERSION = YES;
				CLANG_WARN_DEPRECATED_OBJC_IMPLEMENTATIONS = YES;
				CLANG_WARN_DIRECT_OBJC_ISA_USAGE = YES_ERROR;
				CLANG_WARN_DOCUMENTATION_COMMENTS = YES;
				CLANG_WARN_EMPTY_BODY = YES;
				CLANG_WARN_ENUM_CONVERSION = YES;
				CLANG_WARN_INFINITE_RECURSION = YES;
				CLANG_WARN_INT_CONVERSION = YES;
				CLANG_WARN_NON_LITERAL_NULL_CONVERSION = YES;
				CLANG_WARN_OBJC_IMPLICIT_RETAIN_SELF = YES;
				CLANG_WARN_OBJC_LITERAL_CONVERSION = YES;
				CLANG_WARN_OBJC_ROOT_CLASS = YES_ERROR;
				CLANG_WARN_QUOTED_INCLUDE_IN_FRAMEWORK_HEADER = YES;
				CLANG_WARN_RANGE_LOOP_ANALYSIS = YES;
				CLANG_WARN_STRICT_PROTOTYPES = YES;
				CLANG_WARN_SUSPICIOUS_MOVE = YES;
				CLANG_WARN_UNGUARDED_AVAILABILITY = YES_AGGRESSIVE;
				CLANG_WARN_UNREACHABLE_CODE = YES;
				CLANG_WARN__DUPLICATE_METHOD_MATCH = YES;
				COPY_PHASE_STRIP = NO;
				DEBUG_INFORMATION_FORMAT = dwarf;
				ENABLE_STRICT_OBJC_MSGSEND = YES;
				ENABLE_TESTABILITY = YES;
				ENABLE_USER_SCRIPT_SANDBOXING = YES;
				GCC_C_LANGUAGE_STANDARD = gnu17;
				GCC_DYNAMIC_NO_PIC = NO;
				GCC_NO_COMMON_BLOCKS = YES;
				GCC_OPTIMIZATION_LEVEL = 0;
				GCC_PREPROCESSOR_DEFINITIONS = (
					"DEBUG=1",
					"$(inherited)",
				);
				GCC_WARN_64_TO_32_BIT_CONVERSION = YES;
				GCC_WARN_ABOUT_RETURN_TYPE = YES_ERROR;
				GCC_WARN_UNDECLARED_SELECTOR = YES;
				GCC_WARN_UNINITIALIZED_AUTOS = YES_AGGRESSIVE;
				GCC_WARN_UNUSED_FUNCTION = YES;
				GCC_WARN_UNUSED_VARIABLE = YES;
				IPHONEOS_DEPLOYMENT_TARGET = 17.2;
				LOCALIZATION_PREFERS_STRING_CATALOGS = YES;
				MTL_ENABLE_DEBUG_INFO = INCLUDE_SOURCE;
				MTL_FAST_MATH = YES;
				ONLY_ACTIVE_ARCH = YES;
				SDKROOT = iphoneos;
				SWIFT_ACTIVE_COMPILATION_CONDITIONS = "DEBUG $(inherited)";
				SWIFT_OPTIMIZATION_LEVEL = "-Onone";
			};
			name = Debug;
		};
		E392091D2BCBB1870040492A /* Release */ = {
			isa = XCBuildConfiguration;
			buildSettings = {
				ALWAYS_SEARCH_USER_PATHS = NO;
				ASSETCATALOG_COMPILER_GENERATE_SWIFT_ASSET_SYMBOL_EXTENSIONS = YES;
				CLANG_ANALYZER_NONNULL = YES;
				CLANG_ANALYZER_NUMBER_OBJECT_CONVERSION = YES_AGGRESSIVE;
				CLANG_CXX_LANGUAGE_STANDARD = "gnu++20";
				CLANG_ENABLE_MODULES = YES;
				CLANG_ENABLE_OBJC_ARC = YES;
				CLANG_ENABLE_OBJC_WEAK = YES;
				CLANG_WARN_BLOCK_CAPTURE_AUTORELEASING = YES;
				CLANG_WARN_BOOL_CONVERSION = YES;
				CLANG_WARN_COMMA = YES;
				CLANG_WARN_CONSTANT_CONVERSION = YES;
				CLANG_WARN_DEPRECATED_OBJC_IMPLEMENTATIONS = YES;
				CLANG_WARN_DIRECT_OBJC_ISA_USAGE = YES_ERROR;
				CLANG_WARN_DOCUMENTATION_COMMENTS = YES;
				CLANG_WARN_EMPTY_BODY = YES;
				CLANG_WARN_ENUM_CONVERSION = YES;
				CLANG_WARN_INFINITE_RECURSION = YES;
				CLANG_WARN_INT_CONVERSION = YES;
				CLANG_WARN_NON_LITERAL_NULL_CONVERSION = YES;
				CLANG_WARN_OBJC_IMPLICIT_RETAIN_SELF = YES;
				CLANG_WARN_OBJC_LITERAL_CONVERSION = YES;
				CLANG_WARN_OBJC_ROOT_CLASS = YES_ERROR;
				CLANG_WARN_QUOTED_INCLUDE_IN_FRAMEWORK_HEADER = YES;
				CLANG_WARN_RANGE_LOOP_ANALYSIS = YES;
				CLANG_WARN_STRICT_PROTOTYPES = YES;
				CLANG_WARN_SUSPICIOUS_MOVE = YES;
				CLANG_WARN_UNGUARDED_AVAILABILITY = YES_AGGRESSIVE;
				CLANG_WARN_UNREACHABLE_CODE = YES;
				CLANG_WARN__DUPLICATE_METHOD_MATCH = YES;
				COPY_PHASE_STRIP = NO;
				DEBUG_INFORMATION_FORMAT = "dwarf-with-dsym";
				ENABLE_NS_ASSERTIONS = NO;
				ENABLE_STRICT_OBJC_MSGSEND = YES;
				ENABLE_USER_SCRIPT_SANDBOXING = YES;
				GCC_C_LANGUAGE_STANDARD = gnu17;
				GCC_NO_COMMON_BLOCKS = YES;
				GCC_WARN_64_TO_32_BIT_CONVERSION = YES;
				GCC_WARN_ABOUT_RETURN_TYPE = YES_ERROR;
				GCC_WARN_UNDECLARED_SELECTOR = YES;
				GCC_WARN_UNINITIALIZED_AUTOS = YES_AGGRESSIVE;
				GCC_WARN_UNUSED_FUNCTION = YES;
				GCC_WARN_UNUSED_VARIABLE = YES;
				IPHONEOS_DEPLOYMENT_TARGET = 17.2;
				LOCALIZATION_PREFERS_STRING_CATALOGS = YES;
				MTL_ENABLE_DEBUG_INFO = NO;
				MTL_FAST_MATH = YES;
				SDKROOT = iphoneos;
				SWIFT_COMPILATION_MODE = wholemodule;
				VALIDATE_PRODUCT = YES;
			};
			name = Release;
		};
		E392091F2BCBB1870040492A /* Debug */ = {
			isa = XCBuildConfiguration;
			buildSettings = {
				ASSETCATALOG_COMPILER_APPICON_NAME = AppIcon;
				ASSETCATALOG_COMPILER_GLOBAL_ACCENT_COLOR_NAME = AccentColor;
				CODE_SIGN_STYLE = Automatic;
				CURRENT_PROJECT_VERSION = 1;
				GENERATE_INFOPLIST_FILE = YES;
				INFOPLIST_FILE = Week3/Info.plist;
				INFOPLIST_KEY_UIApplicationSupportsIndirectInputEvents = YES;
				INFOPLIST_KEY_UILaunchStoryboardName = LaunchScreen;
				INFOPLIST_KEY_UIMainStoryboardFile = "";
				INFOPLIST_KEY_UISupportedInterfaceOrientations_iPad = "UIInterfaceOrientationPortrait UIInterfaceOrientationPortraitUpsideDown UIInterfaceOrientationLandscapeLeft UIInterfaceOrientationLandscapeRight";
				INFOPLIST_KEY_UISupportedInterfaceOrientations_iPhone = "UIInterfaceOrientationPortrait UIInterfaceOrientationLandscapeLeft UIInterfaceOrientationLandscapeRight";
				LD_RUNPATH_SEARCH_PATHS = (
					"$(inherited)",
					"@executable_path/Frameworks",
				);
				MARKETING_VERSION = 1.0;
				PRODUCT_BUNDLE_IDENTIFIER = won.Week3;
				PRODUCT_NAME = "$(TARGET_NAME)";
				SWIFT_EMIT_LOC_STRINGS = YES;
				SWIFT_VERSION = 5.0;
				TARGETED_DEVICE_FAMILY = "1,2";
			};
			name = Debug;
		};
		E39209202BCBB1870040492A /* Release */ = {
			isa = XCBuildConfiguration;
			buildSettings = {
				ASSETCATALOG_COMPILER_APPICON_NAME = AppIcon;
				ASSETCATALOG_COMPILER_GLOBAL_ACCENT_COLOR_NAME = AccentColor;
				CODE_SIGN_STYLE = Automatic;
				CURRENT_PROJECT_VERSION = 1;
				GENERATE_INFOPLIST_FILE = YES;
				INFOPLIST_FILE = Week3/Info.plist;
				INFOPLIST_KEY_UIApplicationSupportsIndirectInputEvents = YES;
				INFOPLIST_KEY_UILaunchStoryboardName = LaunchScreen;
				INFOPLIST_KEY_UIMainStoryboardFile = "";
				INFOPLIST_KEY_UISupportedInterfaceOrientations_iPad = "UIInterfaceOrientationPortrait UIInterfaceOrientationPortraitUpsideDown UIInterfaceOrientationLandscapeLeft UIInterfaceOrientationLandscapeRight";
				INFOPLIST_KEY_UISupportedInterfaceOrientations_iPhone = "UIInterfaceOrientationPortrait UIInterfaceOrientationLandscapeLeft UIInterfaceOrientationLandscapeRight";
				LD_RUNPATH_SEARCH_PATHS = (
					"$(inherited)",
					"@executable_path/Frameworks",
				);
				MARKETING_VERSION = 1.0;
				PRODUCT_BUNDLE_IDENTIFIER = won.Week3;
				PRODUCT_NAME = "$(TARGET_NAME)";
				SWIFT_EMIT_LOC_STRINGS = YES;
				SWIFT_VERSION = 5.0;
				TARGETED_DEVICE_FAMILY = "1,2";
			};
			name = Release;
		};
		E39209222BCBB1870040492A /* Debug */ = {
			isa = XCBuildConfiguration;
			buildSettings = {
				ALWAYS_EMBED_SWIFT_STANDARD_LIBRARIES = YES;
				BUNDLE_LOADER = "$(TEST_HOST)";
				CODE_SIGN_STYLE = Automatic;
				CURRENT_PROJECT_VERSION = 1;
				GENERATE_INFOPLIST_FILE = YES;
				IPHONEOS_DEPLOYMENT_TARGET = 17.2;
				MARKETING_VERSION = 1.0;
				PRODUCT_BUNDLE_IDENTIFIER = won.Week3Tests;
				PRODUCT_NAME = "$(TARGET_NAME)";
				SWIFT_EMIT_LOC_STRINGS = NO;
				SWIFT_VERSION = 5.0;
				TARGETED_DEVICE_FAMILY = "1,2";
				TEST_HOST = "$(BUILT_PRODUCTS_DIR)/Week3.app/$(BUNDLE_EXECUTABLE_FOLDER_PATH)/Week3";
			};
			name = Debug;
		};
		E39209232BCBB1870040492A /* Release */ = {
			isa = XCBuildConfiguration;
			buildSettings = {
				ALWAYS_EMBED_SWIFT_STANDARD_LIBRARIES = YES;
				BUNDLE_LOADER = "$(TEST_HOST)";
				CODE_SIGN_STYLE = Automatic;
				CURRENT_PROJECT_VERSION = 1;
				GENERATE_INFOPLIST_FILE = YES;
				IPHONEOS_DEPLOYMENT_TARGET = 17.2;
				MARKETING_VERSION = 1.0;
				PRODUCT_BUNDLE_IDENTIFIER = won.Week3Tests;
				PRODUCT_NAME = "$(TARGET_NAME)";
				SWIFT_EMIT_LOC_STRINGS = NO;
				SWIFT_VERSION = 5.0;
				TARGETED_DEVICE_FAMILY = "1,2";
				TEST_HOST = "$(BUILT_PRODUCTS_DIR)/Week3.app/$(BUNDLE_EXECUTABLE_FOLDER_PATH)/Week3";
			};
			name = Release;
		};
		E39209252BCBB1870040492A /* Debug */ = {
			isa = XCBuildConfiguration;
			buildSettings = {
				ALWAYS_EMBED_SWIFT_STANDARD_LIBRARIES = YES;
				CODE_SIGN_STYLE = Automatic;
				CURRENT_PROJECT_VERSION = 1;
				GENERATE_INFOPLIST_FILE = YES;
				MARKETING_VERSION = 1.0;
				PRODUCT_BUNDLE_IDENTIFIER = won.Week3UITests;
				PRODUCT_NAME = "$(TARGET_NAME)";
				SWIFT_EMIT_LOC_STRINGS = NO;
				SWIFT_VERSION = 5.0;
				TARGETED_DEVICE_FAMILY = "1,2";
				TEST_TARGET_NAME = Week3;
			};
			name = Debug;
		};
		E39209262BCBB1870040492A /* Release */ = {
			isa = XCBuildConfiguration;
			buildSettings = {
				ALWAYS_EMBED_SWIFT_STANDARD_LIBRARIES = YES;
				CODE_SIGN_STYLE = Automatic;
				CURRENT_PROJECT_VERSION = 1;
				GENERATE_INFOPLIST_FILE = YES;
				MARKETING_VERSION = 1.0;
				PRODUCT_BUNDLE_IDENTIFIER = won.Week3UITests;
				PRODUCT_NAME = "$(TARGET_NAME)";
				SWIFT_EMIT_LOC_STRINGS = NO;
				SWIFT_VERSION = 5.0;
				TARGETED_DEVICE_FAMILY = "1,2";
				TEST_TARGET_NAME = Week3;
			};
			name = Release;
		};
/* End XCBuildConfiguration section */

/* Begin XCConfigurationList section */
		E39208EF2BCBB1860040492A /* Build configuration list for PBXProject "Week3" */ = {
			isa = XCConfigurationList;
			buildConfigurations = (
				E392091C2BCBB1870040492A /* Debug */,
				E392091D2BCBB1870040492A /* Release */,
			);
			defaultConfigurationIsVisible = 0;
			defaultConfigurationName = Release;
		};
		E392091E2BCBB1870040492A /* Build configuration list for PBXNativeTarget "Week3" */ = {
			isa = XCConfigurationList;
			buildConfigurations = (
				E392091F2BCBB1870040492A /* Debug */,
				E39209202BCBB1870040492A /* Release */,
			);
			defaultConfigurationIsVisible = 0;
			defaultConfigurationName = Release;
		};
		E39209212BCBB1870040492A /* Build configuration list for PBXNativeTarget "Week3Tests" */ = {
			isa = XCConfigurationList;
			buildConfigurations = (
				E39209222BCBB1870040492A /* Debug */,
				E39209232BCBB1870040492A /* Release */,
			);
			defaultConfigurationIsVisible = 0;
			defaultConfigurationName = Release;
		};
		E39209242BCBB1870040492A /* Build configuration list for PBXNativeTarget "Week3UITests" */ = {
			isa = XCConfigurationList;
			buildConfigurations = (
				E39209252BCBB1870040492A /* Debug */,
				E39209262BCBB1870040492A /* Release */,
			);
			defaultConfigurationIsVisible = 0;
			defaultConfigurationName = Release;
		};
/* End XCConfigurationList section */
	};
	rootObject = E39208EC2BCBB1860040492A /* Project object */;
}
