// !$*UTF8*$!
{
	archiveVersion = 1;
	classes = {
	};
	objectVersion = 56;
	objects = {

/* Begin PBXBuildFile section */
		56B9DD1A2BCF686200D08D22 /* AppDelegate.swift in Sources */ = {isa = PBXBuildFile; fileRef = 56B9DD192BCF686200D08D22 /* AppDelegate.swift */; };
		56B9DD1C2BCF686200D08D22 /* SceneDelegate.swift in Sources */ = {isa = PBXBuildFile; fileRef = 56B9DD1B2BCF686200D08D22 /* SceneDelegate.swift */; };
		56B9DD1E2BCF686200D08D22 /* MainViewController.swift in Sources */ = {isa = PBXBuildFile; fileRef = 56B9DD1D2BCF686200D08D22 /* MainViewController.swift */; };
		56B9DD232BCF686300D08D22 /* Assets.xcassets in Resources */ = {isa = PBXBuildFile; fileRef = 56B9DD222BCF686300D08D22 /* Assets.xcassets */; };
		56B9DD262BCF686300D08D22 /* Base in Resources */ = {isa = PBXBuildFile; fileRef = 56B9DD252BCF686300D08D22 /* Base */; };
		56B9DD312BCF68FC00D08D22 /* MainView.swift in Sources */ = {isa = PBXBuildFile; fileRef = 56B9DD302BCF68FC00D08D22 /* MainView.swift */; };
		56B9DD342BCF698600D08D22 /* Then in Frameworks */ = {isa = PBXBuildFile; productRef = 56B9DD332BCF698600D08D22 /* Then */; };
		56B9DD372BCF698F00D08D22 /* SnapKit in Frameworks */ = {isa = PBXBuildFile; productRef = 56B9DD362BCF698F00D08D22 /* SnapKit */; };
		56B9DD392BCF7CBA00D08D22 /* NextView.swift in Sources */ = {isa = PBXBuildFile; fileRef = 56B9DD382BCF7CBA00D08D22 /* NextView.swift */; };
		56B9DD3B2BCF7CDA00D08D22 /* NextViewController.swift in Sources */ = {isa = PBXBuildFile; fileRef = 56B9DD3A2BCF7CDA00D08D22 /* NextViewController.swift */; };
/* End PBXBuildFile section */

/* Begin PBXFileReference section */
		56B9DD162BCF686200D08D22 /* Week3.app */ = {isa = PBXFileReference; explicitFileType = wrapper.application; includeInIndex = 0; path = Week3.app; sourceTree = BUILT_PRODUCTS_DIR; };
		56B9DD192BCF686200D08D22 /* AppDelegate.swift */ = {isa = PBXFileReference; lastKnownFileType = sourcecode.swift; path = AppDelegate.swift; sourceTree = "<group>"; };
		56B9DD1B2BCF686200D08D22 /* SceneDelegate.swift */ = {isa = PBXFileReference; lastKnownFileType = sourcecode.swift; path = SceneDelegate.swift; sourceTree = "<group>"; };
		56B9DD1D2BCF686200D08D22 /* MainViewController.swift */ = {isa = PBXFileReference; lastKnownFileType = sourcecode.swift; path = MainViewController.swift; sourceTree = "<group>"; };
		56B9DD222BCF686300D08D22 /* Assets.xcassets */ = {isa = PBXFileReference; lastKnownFileType = folder.assetcatalog; path = Assets.xcassets; sourceTree = "<group>"; };
		56B9DD252BCF686300D08D22 /* Base */ = {isa = PBXFileReference; lastKnownFileType = file.storyboard; name = Base; path = Base.lproj/LaunchScreen.storyboard; sourceTree = "<group>"; };
		56B9DD272BCF686300D08D22 /* Info.plist */ = {isa = PBXFileReference; lastKnownFileType = text.plist.xml; path = Info.plist; sourceTree = "<group>"; };
		56B9DD302BCF68FC00D08D22 /* MainView.swift */ = {isa = PBXFileReference; lastKnownFileType = sourcecode.swift; path = MainView.swift; sourceTree = "<group>"; };
		56B9DD382BCF7CBA00D08D22 /* NextView.swift */ = {isa = PBXFileReference; lastKnownFileType = sourcecode.swift; path = NextView.swift; sourceTree = "<group>"; };
		56B9DD3A2BCF7CDA00D08D22 /* NextViewController.swift */ = {isa = PBXFileReference; lastKnownFileType = sourcecode.swift; path = NextViewController.swift; sourceTree = "<group>"; };
/* End PBXFileReference section */

/* Begin PBXFrameworksBuildPhase section */
		56B9DD132BCF686200D08D22 /* Frameworks */ = {
			isa = PBXFrameworksBuildPhase;
			buildActionMask = 2147483647;
			files = (
				56B9DD342BCF698600D08D22 /* Then in Frameworks */,
				56B9DD372BCF698F00D08D22 /* SnapKit in Frameworks */,
			);
			runOnlyForDeploymentPostprocessing = 0;
		};
/* End PBXFrameworksBuildPhase section */

/* Begin PBXGroup section */
		56B9DD0D2BCF686200D08D22 = {
			isa = PBXGroup;
			children = (
				56B9DD182BCF686200D08D22 /* Week3 */,
				56B9DD172BCF686200D08D22 /* Products */,
			);
			sourceTree = "<group>";
		};
		56B9DD172BCF686200D08D22 /* Products */ = {
			isa = PBXGroup;
			children = (
				56B9DD162BCF686200D08D22 /* Week3.app */,
			);
			name = Products;
			sourceTree = "<group>";
		};
		56B9DD182BCF686200D08D22 /* Week3 */ = {
			isa = PBXGroup;
			children = (
				56B9DD192BCF686200D08D22 /* AppDelegate.swift */,
				56B9DD1B2BCF686200D08D22 /* SceneDelegate.swift */,
				56B9DD2F2BCF687F00D08D22 /* View */,
				56B9DD2E2BCF687900D08D22 /* ViewController */,
				56B9DD222BCF686300D08D22 /* Assets.xcassets */,
				56B9DD242BCF686300D08D22 /* LaunchScreen.storyboard */,
				56B9DD272BCF686300D08D22 /* Info.plist */,
			);
			path = Week3;
			sourceTree = "<group>";
		};
		56B9DD2E2BCF687900D08D22 /* ViewController */ = {
			isa = PBXGroup;
			children = (
				56B9DD1D2BCF686200D08D22 /* MainViewController.swift */,
				56B9DD3A2BCF7CDA00D08D22 /* NextViewController.swift */,
			);
			path = ViewController;
			sourceTree = "<group>";
		};
		56B9DD2F2BCF687F00D08D22 /* View */ = {
			isa = PBXGroup;
			children = (
				56B9DD302BCF68FC00D08D22 /* MainView.swift */,
				56B9DD382BCF7CBA00D08D22 /* NextView.swift */,
			);
			path = View;
			sourceTree = "<group>";
		};
/* End PBXGroup section */

/* Begin PBXNativeTarget section */
		56B9DD152BCF686200D08D22 /* Week3 */ = {
			isa = PBXNativeTarget;
			buildConfigurationList = 56B9DD2A2BCF686300D08D22 /* Build configuration list for PBXNativeTarget "Week3" */;
			buildPhases = (
				56B9DD122BCF686200D08D22 /* Sources */,
				56B9DD132BCF686200D08D22 /* Frameworks */,
				56B9DD142BCF686200D08D22 /* Resources */,
			);
			buildRules = (
			);
			dependencies = (
			);
			name = Week3;
			packageProductDependencies = (
				56B9DD332BCF698600D08D22 /* Then */,
				56B9DD362BCF698F00D08D22 /* SnapKit */,
			);
			productName = Week3;
			productReference = 56B9DD162BCF686200D08D22 /* Week3.app */;
			productType = "com.apple.product-type.application";
		};
/* End PBXNativeTarget section */

/* Begin PBXProject section */
		56B9DD0E2BCF686200D08D22 /* Project object */ = {
			isa = PBXProject;
			attributes = {
				BuildIndependentTargetsInParallel = 1;
				LastSwiftUpdateCheck = 1530;
				LastUpgradeCheck = 1530;
				TargetAttributes = {
					56B9DD152BCF686200D08D22 = {
						CreatedOnToolsVersion = 15.3;
					};
				};
			};
			buildConfigurationList = 56B9DD112BCF686200D08D22 /* Build configuration list for PBXProject "Week3" */;
			compatibilityVersion = "Xcode 14.0";
			developmentRegion = en;
			hasScannedForEncodings = 0;
			knownRegions = (
				en,
				Base,
			);
			mainGroup = 56B9DD0D2BCF686200D08D22;
			packageReferences = (
				56B9DD322BCF698600D08D22 /* XCRemoteSwiftPackageReference "Then" */,
				56B9DD352BCF698F00D08D22 /* XCRemoteSwiftPackageReference "SnapKit" */,
			);
			productRefGroup = 56B9DD172BCF686200D08D22 /* Products */;
			projectDirPath = "";
			projectRoot = "";
			targets = (
				56B9DD152BCF686200D08D22 /* Week3 */,
			);
		};
/* End PBXProject section */

/* Begin PBXResourcesBuildPhase section */
		56B9DD142BCF686200D08D22 /* Resources */ = {
			isa = PBXResourcesBuildPhase;
			buildActionMask = 2147483647;
			files = (
				56B9DD232BCF686300D08D22 /* Assets.xcassets in Resources */,
				56B9DD262BCF686300D08D22 /* Base in Resources */,
			);
			runOnlyForDeploymentPostprocessing = 0;
		};
/* End PBXResourcesBuildPhase section */

/* Begin PBXSourcesBuildPhase section */
		56B9DD122BCF686200D08D22 /* Sources */ = {
			isa = PBXSourcesBuildPhase;
			buildActionMask = 2147483647;
			files = (
				56B9DD1E2BCF686200D08D22 /* MainViewController.swift in Sources */,
				56B9DD3B2BCF7CDA00D08D22 /* NextViewController.swift in Sources */,
				56B9DD392BCF7CBA00D08D22 /* NextView.swift in Sources */,
				56B9DD312BCF68FC00D08D22 /* MainView.swift in Sources */,
				56B9DD1A2BCF686200D08D22 /* AppDelegate.swift in Sources */,
				56B9DD1C2BCF686200D08D22 /* SceneDelegate.swift in Sources */,
			);
			runOnlyForDeploymentPostprocessing = 0;
		};
/* End PBXSourcesBuildPhase section */

/* Begin PBXVariantGroup section */
		56B9DD242BCF686300D08D22 /* LaunchScreen.storyboard */ = {
			isa = PBXVariantGroup;
			children = (
				56B9DD252BCF686300D08D22 /* Base */,
			);
			name = LaunchScreen.storyboard;
			sourceTree = "<group>";
		};
/* End PBXVariantGroup section */

/* Begin XCBuildConfiguration section */
		56B9DD282BCF686300D08D22 /* Debug */ = {
			isa = XCBuildConfiguration;
			buildSettings = {
				ALWAYS_SEARCH_USER_PATHS = NO;
				ASSETCATALOG_COMPILER_GENERATE_SWIFT_ASSET_SYMBOL_EXTENSIONS = YES;
				CLANG_ANALYZER_NONNULL = YES;
				CLANG_ANALYZER_NUMBER_OBJECT_CONVERSION = YES_AGGRESSIVE;
				CLANG_CXX_LANGUAGE_STANDARD = "gnu++20";
				CLANG_ENABLE_MODULES = YES;
				CLANG_ENABLE_OBJC_ARC = YES;
				CLANG_ENABLE_OBJC_WEAK = YES;
				CLANG_WARN_BLOCK_CAPTURE_AUTORELEASING = YES;
				CLANG_WARN_BOOL_CONVERSION = YES;
				CLANG_WARN_COMMA = YES;
				CLANG_WARN_CONSTANT_CONVERSION = YES;
				CLANG_WARN_DEPRECATED_OBJC_IMPLEMENTATIONS = YES;
				CLANG_WARN_DIRECT_OBJC_ISA_USAGE = YES_ERROR;
				CLANG_WARN_DOCUMENTATION_COMMENTS = YES;
				CLANG_WARN_EMPTY_BODY = YES;
				CLANG_WARN_ENUM_CONVERSION = YES;
				CLANG_WARN_INFINITE_RECURSION = YES;
				CLANG_WARN_INT_CONVERSION = YES;
				CLANG_WARN_NON_LITERAL_NULL_CONVERSION = YES;
				CLANG_WARN_OBJC_IMPLICIT_RETAIN_SELF = YES;
				CLANG_WARN_OBJC_LITERAL_CONVERSION = YES;
				CLANG_WARN_OBJC_ROOT_CLASS = YES_ERROR;
				CLANG_WARN_QUOTED_INCLUDE_IN_FRAMEWORK_HEADER = YES;
				CLANG_WARN_RANGE_LOOP_ANALYSIS = YES;
				CLANG_WARN_STRICT_PROTOTYPES = YES;
				CLANG_WARN_SUSPICIOUS_MOVE = YES;
				CLANG_WARN_UNGUARDED_AVAILABILITY = YES_AGGRESSIVE;
				CLANG_WARN_UNREACHABLE_CODE = YES;
				CLANG_WARN__DUPLICATE_METHOD_MATCH = YES;
				COPY_PHASE_STRIP = NO;
				DEBUG_INFORMATION_FORMAT = dwarf;
				ENABLE_STRICT_OBJC_MSGSEND = YES;
				ENABLE_TESTABILITY = YES;
				ENABLE_USER_SCRIPT_SANDBOXING = YES;
				GCC_C_LANGUAGE_STANDARD = gnu17;
				GCC_DYNAMIC_NO_PIC = NO;
				GCC_NO_COMMON_BLOCKS = YES;
				GCC_OPTIMIZATION_LEVEL = 0;
				GCC_PREPROCESSOR_DEFINITIONS = (
					"DEBUG=1",
					"$(inherited)",
				);
				GCC_WARN_64_TO_32_BIT_CONVERSION = YES;
				GCC_WARN_ABOUT_RETURN_TYPE = YES_ERROR;
				GCC_WARN_UNDECLARED_SELECTOR = YES;
				GCC_WARN_UNINITIALIZED_AUTOS = YES_AGGRESSIVE;
				GCC_WARN_UNUSED_FUNCTION = YES;
				GCC_WARN_UNUSED_VARIABLE = YES;
				IPHONEOS_DEPLOYMENT_TARGET = 17.4;
				LOCALIZATION_PREFERS_STRING_CATALOGS = YES;
				MTL_ENABLE_DEBUG_INFO = INCLUDE_SOURCE;
				MTL_FAST_MATH = YES;
				ONLY_ACTIVE_ARCH = YES;
				SDKROOT = iphoneos;
				SWIFT_ACTIVE_COMPILATION_CONDITIONS = "DEBUG $(inherited)";
				SWIFT_OPTIMIZATION_LEVEL = "-Onone";
			};
			name = Debug;
		};
		56B9DD292BCF686300D08D22 /* Release */ = {
			isa = XCBuildConfiguration;
			buildSettings = {
				ALWAYS_SEARCH_USER_PATHS = NO;
				ASSETCATALOG_COMPILER_GENERATE_SWIFT_ASSET_SYMBOL_EXTENSIONS = YES;
				CLANG_ANALYZER_NONNULL = YES;
				CLANG_ANALYZER_NUMBER_OBJECT_CONVERSION = YES_AGGRESSIVE;
				CLANG_CXX_LANGUAGE_STANDARD = "gnu++20";
				CLANG_ENABLE_MODULES = YES;
				CLANG_ENABLE_OBJC_ARC = YES;
				CLANG_ENABLE_OBJC_WEAK = YES;
				CLANG_WARN_BLOCK_CAPTURE_AUTORELEASING = YES;
				CLANG_WARN_BOOL_CONVERSION = YES;
				CLANG_WARN_COMMA = YES;
				CLANG_WARN_CONSTANT_CONVERSION = YES;
				CLANG_WARN_DEPRECATED_OBJC_IMPLEMENTATIONS = YES;
				CLANG_WARN_DIRECT_OBJC_ISA_USAGE = YES_ERROR;
				CLANG_WARN_DOCUMENTATION_COMMENTS = YES;
				CLANG_WARN_EMPTY_BODY = YES;
				CLANG_WARN_ENUM_CONVERSION = YES;
				CLANG_WARN_INFINITE_RECURSION = YES;
				CLANG_WARN_INT_CONVERSION = YES;
				CLANG_WARN_NON_LITERAL_NULL_CONVERSION = YES;
				CLANG_WARN_OBJC_IMPLICIT_RETAIN_SELF = YES;
				CLANG_WARN_OBJC_LITERAL_CONVERSION = YES;
				CLANG_WARN_OBJC_ROOT_CLASS = YES_ERROR;
				CLANG_WARN_QUOTED_INCLUDE_IN_FRAMEWORK_HEADER = YES;
				CLANG_WARN_RANGE_LOOP_ANALYSIS = YES;
				CLANG_WARN_STRICT_PROTOTYPES = YES;
				CLANG_WARN_SUSPICIOUS_MOVE = YES;
				CLANG_WARN_UNGUARDED_AVAILABILITY = YES_AGGRESSIVE;
				CLANG_WARN_UNREACHABLE_CODE = YES;
				CLANG_WARN__DUPLICATE_METHOD_MATCH = YES;
				COPY_PHASE_STRIP = NO;
				DEBUG_INFORMATION_FORMAT = "dwarf-with-dsym";
				ENABLE_NS_ASSERTIONS = NO;
				ENABLE_STRICT_OBJC_MSGSEND = YES;
				ENABLE_USER_SCRIPT_SANDBOXING = YES;
				GCC_C_LANGUAGE_STANDARD = gnu17;
				GCC_NO_COMMON_BLOCKS = YES;
				GCC_WARN_64_TO_32_BIT_CONVERSION = YES;
				GCC_WARN_ABOUT_RETURN_TYPE = YES_ERROR;
				GCC_WARN_UNDECLARED_SELECTOR = YES;
				GCC_WARN_UNINITIALIZED_AUTOS = YES_AGGRESSIVE;
				GCC_WARN_UNUSED_FUNCTION = YES;
				GCC_WARN_UNUSED_VARIABLE = YES;
				IPHONEOS_DEPLOYMENT_TARGET = 17.4;
				LOCALIZATION_PREFERS_STRING_CATALOGS = YES;
				MTL_ENABLE_DEBUG_INFO = NO;
				MTL_FAST_MATH = YES;
				SDKROOT = iphoneos;
				SWIFT_COMPILATION_MODE = wholemodule;
				VALIDATE_PRODUCT = YES;
			};
			name = Release;
		};
		56B9DD2B2BCF686300D08D22 /* Debug */ = {
			isa = XCBuildConfiguration;
			buildSettings = {
				ASSETCATALOG_COMPILER_APPICON_NAME = AppIcon;
				ASSETCATALOG_COMPILER_GLOBAL_ACCENT_COLOR_NAME = AccentColor;
				CODE_SIGN_STYLE = Automatic;
				CURRENT_PROJECT_VERSION = 1;
				DEVELOPMENT_TEAM = T92HCF248U;
				GENERATE_INFOPLIST_FILE = YES;
				INFOPLIST_FILE = Week3/Info.plist;
				INFOPLIST_KEY_UIApplicationSupportsIndirectInputEvents = YES;
				INFOPLIST_KEY_UILaunchStoryboardName = LaunchScreen;
				INFOPLIST_KEY_UIMainStoryboardFile = "";
				INFOPLIST_KEY_UISupportedInterfaceOrientations = UIInterfaceOrientationPortrait;
				INFOPLIST_KEY_UISupportedInterfaceOrientations_iPad = "UIInterfaceOrientationLandscapeLeft UIInterfaceOrientationLandscapeRight UIInterfaceOrientationPortrait UIInterfaceOrientationPortraitUpsideDown";
				IPHONEOS_DEPLOYMENT_TARGET = 17.0;
				LD_RUNPATH_SEARCH_PATHS = (
					"$(inherited)",
					"@executable_path/Frameworks",
				);
				MARKETING_VERSION = 1.0;
				PRODUCT_BUNDLE_IDENTIFIER = com.moichi.Week3;
				PRODUCT_NAME = "$(TARGET_NAME)";
				SUPPORTED_PLATFORMS = "iphoneos iphonesimulator";
				SUPPORTS_MACCATALYST = NO;
				SUPPORTS_MAC_DESIGNED_FOR_IPHONE_IPAD = NO;
				SUPPORTS_XR_DESIGNED_FOR_IPHONE_IPAD = NO;
				SWIFT_EMIT_LOC_STRINGS = YES;
				SWIFT_VERSION = 5.0;
				TARGETED_DEVICE_FAMILY = 1;
			};
			name = Debug;
		};
		56B9DD2C2BCF686300D08D22 /* Release */ = {
			isa = XCBuildConfiguration;
			buildSettings = {
				ASSETCATALOG_COMPILER_APPICON_NAME = AppIcon;
				ASSETCATALOG_COMPILER_GLOBAL_ACCENT_COLOR_NAME = AccentColor;
				CODE_SIGN_STYLE = Automatic;
				CURRENT_PROJECT_VERSION = 1;
				DEVELOPMENT_TEAM = T92HCF248U;
				GENERATE_INFOPLIST_FILE = YES;
				INFOPLIST_FILE = Week3/Info.plist;
				INFOPLIST_KEY_UIApplicationSupportsIndirectInputEvents = YES;
				INFOPLIST_KEY_UILaunchStoryboardName = LaunchScreen;
				INFOPLIST_KEY_UIMainStoryboardFile = "";
				INFOPLIST_KEY_UISupportedInterfaceOrientations = UIInterfaceOrientationPortrait;
				INFOPLIST_KEY_UISupportedInterfaceOrientations_iPad = "UIInterfaceOrientationLandscapeLeft UIInterfaceOrientationLandscapeRight UIInterfaceOrientationPortrait UIInterfaceOrientationPortraitUpsideDown";
				IPHONEOS_DEPLOYMENT_TARGET = 17.0;
				LD_RUNPATH_SEARCH_PATHS = (
					"$(inherited)",
					"@executable_path/Frameworks",
				);
				MARKETING_VERSION = 1.0;
				PRODUCT_BUNDLE_IDENTIFIER = com.moichi.Week3;
				PRODUCT_NAME = "$(TARGET_NAME)";
				SUPPORTED_PLATFORMS = "iphoneos iphonesimulator";
				SUPPORTS_MACCATALYST = NO;
				SUPPORTS_MAC_DESIGNED_FOR_IPHONE_IPAD = NO;
				SUPPORTS_XR_DESIGNED_FOR_IPHONE_IPAD = NO;
				SWIFT_EMIT_LOC_STRINGS = YES;
				SWIFT_VERSION = 5.0;
				TARGETED_DEVICE_FAMILY = 1;
			};
			name = Release;
		};
/* End XCBuildConfiguration section */

/* Begin XCConfigurationList section */
		56B9DD112BCF686200D08D22 /* Build configuration list for PBXProject "Week3" */ = {
			isa = XCConfigurationList;
			buildConfigurations = (
				56B9DD282BCF686300D08D22 /* Debug */,
				56B9DD292BCF686300D08D22 /* Release */,
			);
			defaultConfigurationIsVisible = 0;
			defaultConfigurationName = Release;
		};
		56B9DD2A2BCF686300D08D22 /* Build configuration list for PBXNativeTarget "Week3" */ = {
			isa = XCConfigurationList;
			buildConfigurations = (
				56B9DD2B2BCF686300D08D22 /* Debug */,
				56B9DD2C2BCF686300D08D22 /* Release */,
			);
			defaultConfigurationIsVisible = 0;
			defaultConfigurationName = Release;
		};
/* End XCConfigurationList section */

/* Begin XCRemoteSwiftPackageReference section */
		56B9DD322BCF698600D08D22 /* XCRemoteSwiftPackageReference "Then" */ = {
			isa = XCRemoteSwiftPackageReference;
			repositoryURL = "https://github.com/devxoul/Then";
			requirement = {
				kind = upToNextMajorVersion;
				minimumVersion = 3.0.0;
			};
		};
		56B9DD352BCF698F00D08D22 /* XCRemoteSwiftPackageReference "SnapKit" */ = {
			isa = XCRemoteSwiftPackageReference;
			repositoryURL = "https://github.com/SnapKit/SnapKit";
			requirement = {
				kind = upToNextMajorVersion;
				minimumVersion = 5.7.1;
			};
		};
/* End XCRemoteSwiftPackageReference section */

/* Begin XCSwiftPackageProductDependency section */
		56B9DD332BCF698600D08D22 /* Then */ = {
			isa = XCSwiftPackageProductDependency;
			package = 56B9DD322BCF698600D08D22 /* XCRemoteSwiftPackageReference "Then" */;
			productName = Then;
		};
		56B9DD362BCF698F00D08D22 /* SnapKit */ = {
			isa = XCSwiftPackageProductDependency;
			package = 56B9DD352BCF698F00D08D22 /* XCRemoteSwiftPackageReference "SnapKit" */;
			productName = SnapKit;
		};
/* End XCSwiftPackageProductDependency section */
	};
	rootObject = 56B9DD0E2BCF686200D08D22 /* Project object */;
}
